
Microsoft Visual Studio Solution File, Format Version 12.00
# Visual Studio Version 17
VisualStudioVersion = 17.8.34330.188
MinimumVisualStudioVersion = 10.0.40219.1
Project("{FAE04EC0-301F-11D3-BF4B-00C04F79EFBC}") = "TestApp", "TestApp.csproj", "{753F0E21-0A18-4E51-8EB0-7E698014685E}"
EndProject
Global
	GlobalSection(SolutionConfigurationPlatforms) = preSolution
		Debug|Any CPU = Debug|Any CPU
		Release|Any CPU = Release|Any CPU
	EndGlobalSection
	GlobalSection(ProjectConfigurationPlatforms) = postSolution
		{753F0E21-0A18-4E51-8EB0-7E698014685E}.Debug|Any CPU.ActiveCfg = Debug|Any CPU
		{753F0E21-0A18-4E51-8EB0-7E698014685E}.Debug|Any CPU.Build.0 = Debug|Any CPU
		{753F0E21-0A18-4E51-8EB0-7E698014685E}.Release|Any CPU.ActiveCfg = Release|Any CPU
		{753F0E21-0A18-4E51-8EB0-7E698014685E}.Release|Any CPU.Build.0 = Release|Any CPU
	EndGlobalSection
	GlobalSection(SolutionProperties) = preSolution
		HideSolutionNode = FALSE
	EndGlobalSection
	GlobalSection(ExtensibilityGlobals) = postSolution
		SolutionGuid = {9D62C33E-4733-40AF-A2CE-E043A2D3B41F}
	EndGlobalSection
EndGlobal
